
Microsoft Visual Studio Solution File, Format Version 12.00
# Visual Studio Version 17
VisualStudioVersion = 17.0.31903.59
MinimumVisualStudioVersion = 10.0.40219.1
Project("{FAE04EC0-301F-11D3-BF4B-00C04F79EFBC}") = "DesafioFundamentos", "DesafioFundamentos\DesafioFundamentos.csproj", "{E486213C-ADBE-4C82-92C9-214FA976DD81}"
EndProject
Project("{FAE04EC0-301F-11D3-BF4B-00C04F79EFBC}") = "DesafioFundamentos.Test", "DesafioFundamentos.Test\DesafioFundamentos.Test.csproj", "{9EFAD779-3FBF-4D4C-B546-71699DE8270A}"
EndProject
Global
	GlobalSection(SolutionConfigurationPlatforms) = preSolution
		Debug|Any CPU = Debug|Any CPU
		Release|Any CPU = Release|Any CPU
	EndGlobalSection
	GlobalSection(SolutionProperties) = preSolution
		HideSolutionNode = FALSE
	EndGlobalSection
	GlobalSection(ProjectConfigurationPlatforms) = postSolution
		{E486213C-ADBE-4C82-92C9-214FA976DD81}.Debug|Any CPU.ActiveCfg = Debug|Any CPU
		{E486213C-ADBE-4C82-92C9-214FA976DD81}.Debug|Any CPU.Build.0 = Debug|Any CPU
		{E486213C-ADBE-4C82-92C9-214FA976DD81}.Release|Any CPU.ActiveCfg = Release|Any CPU
		{E486213C-ADBE-4C82-92C9-214FA976DD81}.Release|Any CPU.Build.0 = Release|Any CPU
		{9EFAD779-3FBF-4D4C-B546-71699DE8270A}.Debug|Any CPU.ActiveCfg = Debug|Any CPU
		{9EFAD779-3FBF-4D4C-B546-71699DE8270A}.Debug|Any CPU.Build.0 = Debug|Any CPU
		{9EFAD779-3FBF-4D4C-B546-71699DE8270A}.Release|Any CPU.ActiveCfg = Release|Any CPU
		{9EFAD779-3FBF-4D4C-B546-71699DE8270A}.Release|Any CPU.Build.0 = Release|Any CPU
	EndGlobalSection
EndGlobal
